// !$*UTF8*$!
{
	archiveVersion = 1;
	classes = {
	};
	objectVersion = 50;
	objects = {

/* Begin PBXBuildFile section */
		024DDD5725A09776003FFF46 /* MemorizeApp.swift in Sources */ = {isa = PBXBuildFile; fileRef = 024DDD5625A09776003FFF46 /* MemorizeApp.swift */; };
		024DDD5925A09776003FFF46 /* EmojiMemoryGameView.swift in Sources */ = {isa = PBXBuildFile; fileRef = 024DDD5825A09776003FFF46 /* EmojiMemoryGameView.swift */; };
		024DDD5B25A09778003FFF46 /* Assets.xcassets in Resources */ = {isa = PBXBuildFile; fileRef = 024DDD5A25A09778003FFF46 /* Assets.xcassets */; };
		024DDD5E25A09778003FFF46 /* Preview Assets.xcassets in Resources */ = {isa = PBXBuildFile; fileRef = 024DDD5D25A09778003FFF46 /* Preview Assets.xcassets */; };
		024DDD6925A09778003FFF46 /* MemorizeTests.swift in Sources */ = {isa = PBXBuildFile; fileRef = 024DDD6825A09778003FFF46 /* MemorizeTests.swift */; };
		024DDD7425A09778003FFF46 /* MemorizeUITests.swift in Sources */ = {isa = PBXBuildFile; fileRef = 024DDD7325A09778003FFF46 /* MemorizeUITests.swift */; };
		024DDD8825A0CBDE003FFF46 /* EmojiMemoryGame.swift in Sources */ = {isa = PBXBuildFile; fileRef = 024DDD8725A0CBDE003FFF46 /* EmojiMemoryGame.swift */; };
		024DDD9025A0CBFD003FFF46 /* MemoryGame.swift in Sources */ = {isa = PBXBuildFile; fileRef = 024DDD8F25A0CBFD003FFF46 /* MemoryGame.swift */; };
		024DDD9825A0D52B003FFF46 /* Grid.swift in Sources */ = {isa = PBXBuildFile; fileRef = 024DDD9725A0D52B003FFF46 /* Grid.swift */; };
		024DDDA025A0E923003FFF46 /* GridStack.swift in Sources */ = {isa = PBXBuildFile; fileRef = 024DDD9F25A0E923003FFF46 /* GridStack.swift */; };
		02C9761325BC488700CB3B6B /* PieView.swift in Sources */ = {isa = PBXBuildFile; fileRef = 02C9761225BC488700CB3B6B /* PieView.swift */; };
		02C9761825BC9A3B00CB3B6B /* Cardify.swift in Sources */ = {isa = PBXBuildFile; fileRef = 02C9761725BC9A3B00CB3B6B /* Cardify.swift */; };
		02C9762425BCA7A200CB3B6B /* Array+Only.swift in Sources */ = {isa = PBXBuildFile; fileRef = 02C9762325BCA7A200CB3B6B /* Array+Only.swift */; };
/* End PBXBuildFile section */

/* Begin PBXContainerItemProxy section */
		024DDD6525A09778003FFF46 /* PBXContainerItemProxy */ = {
			isa = PBXContainerItemProxy;
			containerPortal = 024DDD4B25A09776003FFF46 /* Project object */;
			proxyType = 1;
			remoteGlobalIDString = 024DDD5225A09776003FFF46;
			remoteInfo = Memorize;
		};
		024DDD7025A09778003FFF46 /* PBXContainerItemProxy */ = {
			isa = PBXContainerItemProxy;
			containerPortal = 024DDD4B25A09776003FFF46 /* Project object */;
			proxyType = 1;
			remoteGlobalIDString = 024DDD5225A09776003FFF46;
			remoteInfo = Memorize;
		};
/* End PBXContainerItemProxy section */

/* Begin PBXFileReference section */
		024DDD5325A09776003FFF46 /* Memorize.app */ = {isa = PBXFileReference; explicitFileType = wrapper.application; includeInIndex = 0; path = Memorize.app; sourceTree = BUILT_PRODUCTS_DIR; };
		024DDD5625A09776003FFF46 /* MemorizeApp.swift */ = {isa = PBXFileReference; lastKnownFileType = sourcecode.swift; path = MemorizeApp.swift; sourceTree = "<group>"; };
		024DDD5825A09776003FFF46 /* EmojiMemoryGameView.swift */ = {isa = PBXFileReference; lastKnownFileType = sourcecode.swift; path = EmojiMemoryGameView.swift; sourceTree = "<group>"; };
		024DDD5A25A09778003FFF46 /* Assets.xcassets */ = {isa = PBXFileReference; lastKnownFileType = folder.assetcatalog; path = Assets.xcassets; sourceTree = "<group>"; };
		024DDD5D25A09778003FFF46 /* Preview Assets.xcassets */ = {isa = PBXFileReference; lastKnownFileType = folder.assetcatalog; path = "Preview Assets.xcassets"; sourceTree = "<group>"; };
		024DDD5F25A09778003FFF46 /* Info.plist */ = {isa = PBXFileReference; lastKnownFileType = text.plist.xml; path = Info.plist; sourceTree = "<group>"; };
		024DDD6425A09778003FFF46 /* MemorizeTests.xctest */ = {isa = PBXFileReference; explicitFileType = wrapper.cfbundle; includeInIndex = 0; path = MemorizeTests.xctest; sourceTree = BUILT_PRODUCTS_DIR; };
		024DDD6825A09778003FFF46 /* MemorizeTests.swift */ = {isa = PBXFileReference; lastKnownFileType = sourcecode.swift; path = MemorizeTests.swift; sourceTree = "<group>"; };
		024DDD6A25A09778003FFF46 /* Info.plist */ = {isa = PBXFileReference; lastKnownFileType = text.plist.xml; path = Info.plist; sourceTree = "<group>"; };
		024DDD6F25A09778003FFF46 /* MemorizeUITests.xctest */ = {isa = PBXFileReference; explicitFileType = wrapper.cfbundle; includeInIndex = 0; path = MemorizeUITests.xctest; sourceTree = BUILT_PRODUCTS_DIR; };
		024DDD7325A09778003FFF46 /* MemorizeUITests.swift */ = {isa = PBXFileReference; lastKnownFileType = sourcecode.swift; path = MemorizeUITests.swift; sourceTree = "<group>"; };
		024DDD7525A09778003FFF46 /* Info.plist */ = {isa = PBXFileReference; lastKnownFileType = text.plist.xml; path = Info.plist; sourceTree = "<group>"; };
		024DDD8725A0CBDE003FFF46 /* EmojiMemoryGame.swift */ = {isa = PBXFileReference; lastKnownFileType = sourcecode.swift; path = EmojiMemoryGame.swift; sourceTree = "<group>"; };
		024DDD8F25A0CBFD003FFF46 /* MemoryGame.swift */ = {isa = PBXFileReference; lastKnownFileType = sourcecode.swift; path = MemoryGame.swift; sourceTree = "<group>"; };
		024DDD9725A0D52B003FFF46 /* Grid.swift */ = {isa = PBXFileReference; lastKnownFileType = sourcecode.swift; path = Grid.swift; sourceTree = "<group>"; };
		024DDD9F25A0E923003FFF46 /* GridStack.swift */ = {isa = PBXFileReference; lastKnownFileType = sourcecode.swift; path = GridStack.swift; sourceTree = "<group>"; };
		02C9761225BC488700CB3B6B /* PieView.swift */ = {isa = PBXFileReference; lastKnownFileType = sourcecode.swift; path = PieView.swift; sourceTree = "<group>"; };
		02C9761725BC9A3B00CB3B6B /* Cardify.swift */ = {isa = PBXFileReference; lastKnownFileType = sourcecode.swift; path = Cardify.swift; sourceTree = "<group>"; };
		02C9762325BCA7A200CB3B6B /* Array+Only.swift */ = {isa = PBXFileReference; lastKnownFileType = sourcecode.swift; path = "Array+Only.swift"; sourceTree = "<group>"; };
/* End PBXFileReference section */

/* Begin PBXFrameworksBuildPhase section */
		024DDD5025A09776003FFF46 /* Frameworks */ = {
			isa = PBXFrameworksBuildPhase;
			buildActionMask = 2147483647;
			files = (
			);
			runOnlyForDeploymentPostprocessing = 0;
		};
		024DDD6125A09778003FFF46 /* Frameworks */ = {
			isa = PBXFrameworksBuildPhase;
			buildActionMask = 2147483647;
			files = (
			);
			runOnlyForDeploymentPostprocessing = 0;
		};
		024DDD6C25A09778003FFF46 /* Frameworks */ = {
			isa = PBXFrameworksBuildPhase;
			buildActionMask = 2147483647;
			files = (
			);
			runOnlyForDeploymentPostprocessing = 0;
		};
/* End PBXFrameworksBuildPhase section */

/* Begin PBXGroup section */
		024DDD4A25A09776003FFF46 = {
			isa = PBXGroup;
			children = (
				024DDD5525A09776003FFF46 /* Memorize */,
				024DDD6725A09778003FFF46 /* MemorizeTests */,
				024DDD7225A09778003FFF46 /* MemorizeUITests */,
				024DDD5425A09776003FFF46 /* Products */,
			);
			sourceTree = "<group>";
		};
		024DDD5425A09776003FFF46 /* Products */ = {
			isa = PBXGroup;
			children = (
				024DDD5325A09776003FFF46 /* Memorize.app */,
				024DDD6425A09778003FFF46 /* MemorizeTests.xctest */,
				024DDD6F25A09778003FFF46 /* MemorizeUITests.xctest */,
			);
			name = Products;
			sourceTree = "<group>";
		};
		024DDD5525A09776003FFF46 /* Memorize */ = {
			isa = PBXGroup;
			children = (
				02C9762225BCA79400CB3B6B /* Extensions */,
				02C9763225BCA7CA00CB3B6B /* EmojiMemoryGame */,
				02C9762B25BCA7B400CB3B6B /* SwiftUI */,
				024DDD5C25A09778003FFF46 /* Preview Content */,
				024DDD5625A09776003FFF46 /* MemorizeApp.swift */,
				024DDD5A25A09778003FFF46 /* Assets.xcassets */,
				024DDD5F25A09778003FFF46 /* Info.plist */,
			);
			path = Memorize;
			sourceTree = "<group>";
		};
		024DDD5C25A09778003FFF46 /* Preview Content */ = {
			isa = PBXGroup;
			children = (
				024DDD5D25A09778003FFF46 /* Preview Assets.xcassets */,
			);
			path = "Preview Content";
			sourceTree = "<group>";
		};
		024DDD6725A09778003FFF46 /* MemorizeTests */ = {
			isa = PBXGroup;
			children = (
				024DDD6825A09778003FFF46 /* MemorizeTests.swift */,
				024DDD6A25A09778003FFF46 /* Info.plist */,
			);
			path = MemorizeTests;
			sourceTree = "<group>";
		};
		024DDD7225A09778003FFF46 /* MemorizeUITests */ = {
			isa = PBXGroup;
			children = (
				024DDD7325A09778003FFF46 /* MemorizeUITests.swift */,
				024DDD7525A09778003FFF46 /* Info.plist */,
			);
			path = MemorizeUITests;
			sourceTree = "<group>";
		};
		02C9762225BCA79400CB3B6B /* Extensions */ = {
			isa = PBXGroup;
			children = (
				02C9762325BCA7A200CB3B6B /* Array+Only.swift */,
			);
			path = Extensions;
			sourceTree = "<group>";
		};
		02C9762B25BCA7B400CB3B6B /* SwiftUI */ = {
			isa = PBXGroup;
			children = (
				02C9761225BC488700CB3B6B /* PieView.swift */,
				02C9761725BC9A3B00CB3B6B /* Cardify.swift */,
				024DDD9725A0D52B003FFF46 /* Grid.swift */,
				024DDD9F25A0E923003FFF46 /* GridStack.swift */,
			);
			path = SwiftUI;
			sourceTree = "<group>";
		};
		02C9763225BCA7CA00CB3B6B /* EmojiMemoryGame */ = {
			isa = PBXGroup;
			children = (
				024DDD5825A09776003FFF46 /* EmojiMemoryGameView.swift */,
				024DDD8725A0CBDE003FFF46 /* EmojiMemoryGame.swift */,
				024DDD8F25A0CBFD003FFF46 /* MemoryGame.swift */,
			);
			path = EmojiMemoryGame;
			sourceTree = "<group>";
		};
/* End PBXGroup section */

/* Begin PBXNativeTarget section */
		024DDD5225A09776003FFF46 /* Memorize */ = {
			isa = PBXNativeTarget;
			buildConfigurationList = 024DDD7825A09778003FFF46 /* Build configuration list for PBXNativeTarget "Memorize" */;
			buildPhases = (
				024DDD4F25A09776003FFF46 /* Sources */,
				024DDD5025A09776003FFF46 /* Frameworks */,
				024DDD5125A09776003FFF46 /* Resources */,
			);
			buildRules = (
			);
			dependencies = (
			);
			name = Memorize;
			productName = Memorize;
			productReference = 024DDD5325A09776003FFF46 /* Memorize.app */;
			productType = "com.apple.product-type.application";
		};
		024DDD6325A09778003FFF46 /* MemorizeTests */ = {
			isa = PBXNativeTarget;
			buildConfigurationList = 024DDD7B25A09778003FFF46 /* Build configuration list for PBXNativeTarget "MemorizeTests" */;
			buildPhases = (
				024DDD6025A09778003FFF46 /* Sources */,
				024DDD6125A09778003FFF46 /* Frameworks */,
				024DDD6225A09778003FFF46 /* Resources */,
			);
			buildRules = (
			);
			dependencies = (
				024DDD6625A09778003FFF46 /* PBXTargetDependency */,
			);
			name = MemorizeTests;
			productName = MemorizeTests;
			productReference = 024DDD6425A09778003FFF46 /* MemorizeTests.xctest */;
			productType = "com.apple.product-type.bundle.unit-test";
		};
		024DDD6E25A09778003FFF46 /* MemorizeUITests */ = {
			isa = PBXNativeTarget;
			buildConfigurationList = 024DDD7E25A09778003FFF46 /* Build configuration list for PBXNativeTarget "MemorizeUITests" */;
			buildPhases = (
				024DDD6B25A09778003FFF46 /* Sources */,
				024DDD6C25A09778003FFF46 /* Frameworks */,
				024DDD6D25A09778003FFF46 /* Resources */,
			);
			buildRules = (
			);
			dependencies = (
				024DDD7125A09778003FFF46 /* PBXTargetDependency */,
			);
			name = MemorizeUITests;
			productName = MemorizeUITests;
			productReference = 024DDD6F25A09778003FFF46 /* MemorizeUITests.xctest */;
			productType = "com.apple.product-type.bundle.ui-testing";
		};
/* End PBXNativeTarget section */

/* Begin PBXProject section */
		024DDD4B25A09776003FFF46 /* Project object */ = {
			isa = PBXProject;
			attributes = {
				LastSwiftUpdateCheck = 1230;
				LastUpgradeCheck = 1230;
				TargetAttributes = {
					024DDD5225A09776003FFF46 = {
						CreatedOnToolsVersion = 12.3;
					};
					024DDD6325A09778003FFF46 = {
						CreatedOnToolsVersion = 12.3;
						TestTargetID = 024DDD5225A09776003FFF46;
					};
					024DDD6E25A09778003FFF46 = {
						CreatedOnToolsVersion = 12.3;
						TestTargetID = 024DDD5225A09776003FFF46;
					};
				};
			};
			buildConfigurationList = 024DDD4E25A09776003FFF46 /* Build configuration list for PBXProject "Memorize" */;
			compatibilityVersion = "Xcode 9.3";
			developmentRegion = en;
			hasScannedForEncodings = 0;
			knownRegions = (
				en,
				Base,
			);
			mainGroup = 024DDD4A25A09776003FFF46;
			productRefGroup = 024DDD5425A09776003FFF46 /* Products */;
			projectDirPath = "";
			projectRoot = "";
			targets = (
				024DDD5225A09776003FFF46 /* Memorize */,
				024DDD6325A09778003FFF46 /* MemorizeTests */,
				024DDD6E25A09778003FFF46 /* MemorizeUITests */,
			);
		};
/* End PBXProject section */

/* Begin PBXResourcesBuildPhase section */
		024DDD5125A09776003FFF46 /* Resources */ = {
			isa = PBXResourcesBuildPhase;
			buildActionMask = 2147483647;
			files = (
				024DDD5E25A09778003FFF46 /* Preview Assets.xcassets in Resources */,
				024DDD5B25A09778003FFF46 /* Assets.xcassets in Resources */,
			);
			runOnlyForDeploymentPostprocessing = 0;
		};
		024DDD6225A09778003FFF46 /* Resources */ = {
			isa = PBXResourcesBuildPhase;
			buildActionMask = 2147483647;
			files = (
			);
			runOnlyForDeploymentPostprocessing = 0;
		};
		024DDD6D25A09778003FFF46 /* Resources */ = {
			isa = PBXResourcesBuildPhase;
			buildActionMask = 2147483647;
			files = (
			);
			runOnlyForDeploymentPostprocessing = 0;
		};
/* End PBXResourcesBuildPhase section */

/* Begin PBXSourcesBuildPhase section */
		024DDD4F25A09776003FFF46 /* Sources */ = {
			isa = PBXSourcesBuildPhase;
			buildActionMask = 2147483647;
			files = (
				02C9761325BC488700CB3B6B /* PieView.swift in Sources */,
				024DDD5925A09776003FFF46 /* EmojiMemoryGameView.swift in Sources */,
				02C9761825BC9A3B00CB3B6B /* Cardify.swift in Sources */,
				02C9762425BCA7A200CB3B6B /* Array+Only.swift in Sources */,
				024DDD5725A09776003FFF46 /* MemorizeApp.swift in Sources */,
				024DDDA025A0E923003FFF46 /* GridStack.swift in Sources */,
				024DDD9025A0CBFD003FFF46 /* MemoryGame.swift in Sources */,
				024DDD9825A0D52B003FFF46 /* Grid.swift in Sources */,
				024DDD8825A0CBDE003FFF46 /* EmojiMemoryGame.swift in Sources */,
			);
			runOnlyForDeploymentPostprocessing = 0;
		};
		024DDD6025A09778003FFF46 /* Sources */ = {
			isa = PBXSourcesBuildPhase;
			buildActionMask = 2147483647;
			files = (
				024DDD6925A09778003FFF46 /* MemorizeTests.swift in Sources */,
			);
			runOnlyForDeploymentPostprocessing = 0;
		};
		024DDD6B25A09778003FFF46 /* Sources */ = {
			isa = PBXSourcesBuildPhase;
			buildActionMask = 2147483647;
			files = (
				024DDD7425A09778003FFF46 /* MemorizeUITests.swift in Sources */,
			);
			runOnlyForDeploymentPostprocessing = 0;
		};
/* End PBXSourcesBuildPhase section */

/* Begin PBXTargetDependency section */
		024DDD6625A09778003FFF46 /* PBXTargetDependency */ = {
			isa = PBXTargetDependency;
			target = 024DDD5225A09776003FFF46 /* Memorize */;
			targetProxy = 024DDD6525A09778003FFF46 /* PBXContainerItemProxy */;
		};
		024DDD7125A09778003FFF46 /* PBXTargetDependency */ = {
			isa = PBXTargetDependency;
			target = 024DDD5225A09776003FFF46 /* Memorize */;
			targetProxy = 024DDD7025A09778003FFF46 /* PBXContainerItemProxy */;
		};
/* End PBXTargetDependency section */

/* Begin XCBuildConfiguration section */
		024DDD7625A09778003FFF46 /* Debug */ = {
			isa = XCBuildConfiguration;
			buildSettings = {
				ALWAYS_SEARCH_USER_PATHS = NO;
				CLANG_ANALYZER_NONNULL = YES;
				CLANG_ANALYZER_NUMBER_OBJECT_CONVERSION = YES_AGGRESSIVE;
				CLANG_CXX_LANGUAGE_STANDARD = "gnu++14";
				CLANG_CXX_LIBRARY = "libc++";
				CLANG_ENABLE_MODULES = YES;
				CLANG_ENABLE_OBJC_ARC = YES;
				CLANG_ENABLE_OBJC_WEAK = YES;
				CLANG_WARN_BLOCK_CAPTURE_AUTORELEASING = YES;
				CLANG_WARN_BOOL_CONVERSION = YES;
				CLANG_WARN_COMMA = YES;
				CLANG_WARN_CONSTANT_CONVERSION = YES;
				CLANG_WARN_DEPRECATED_OBJC_IMPLEMENTATIONS = YES;
				CLANG_WARN_DIRECT_OBJC_ISA_USAGE = YES_ERROR;
				CLANG_WARN_DOCUMENTATION_COMMENTS = YES;
				CLANG_WARN_EMPTY_BODY = YES;
				CLANG_WARN_ENUM_CONVERSION = YES;
				CLANG_WARN_INFINITE_RECURSION = YES;
				CLANG_WARN_INT_CONVERSION = YES;
				CLANG_WARN_NON_LITERAL_NULL_CONVERSION = YES;
				CLANG_WARN_OBJC_IMPLICIT_RETAIN_SELF = YES;
				CLANG_WARN_OBJC_LITERAL_CONVERSION = YES;
				CLANG_WARN_OBJC_ROOT_CLASS = YES_ERROR;
				CLANG_WARN_QUOTED_INCLUDE_IN_FRAMEWORK_HEADER = YES;
				CLANG_WARN_RANGE_LOOP_ANALYSIS = YES;
				CLANG_WARN_STRICT_PROTOTYPES = YES;
				CLANG_WARN_SUSPICIOUS_MOVE = YES;
				CLANG_WARN_UNGUARDED_AVAILABILITY = YES_AGGRESSIVE;
				CLANG_WARN_UNREACHABLE_CODE = YES;
				CLANG_WARN__DUPLICATE_METHOD_MATCH = YES;
				COPY_PHASE_STRIP = NO;
				DEBUG_INFORMATION_FORMAT = dwarf;
				ENABLE_STRICT_OBJC_MSGSEND = YES;
				ENABLE_TESTABILITY = YES;
				GCC_C_LANGUAGE_STANDARD = gnu11;
				GCC_DYNAMIC_NO_PIC = NO;
				GCC_NO_COMMON_BLOCKS = YES;
				GCC_OPTIMIZATION_LEVEL = 0;
				GCC_PREPROCESSOR_DEFINITIONS = (
					"DEBUG=1",
					"$(inherited)",
				);
				GCC_WARN_64_TO_32_BIT_CONVERSION = YES;
				GCC_WARN_ABOUT_RETURN_TYPE = YES_ERROR;
				GCC_WARN_UNDECLARED_SELECTOR = YES;
				GCC_WARN_UNINITIALIZED_AUTOS = YES_AGGRESSIVE;
				GCC_WARN_UNUSED_FUNCTION = YES;
				GCC_WARN_UNUSED_VARIABLE = YES;
				IPHONEOS_DEPLOYMENT_TARGET = 14.3;
				MTL_ENABLE_DEBUG_INFO = INCLUDE_SOURCE;
				MTL_FAST_MATH = YES;
				ONLY_ACTIVE_ARCH = YES;
				SDKROOT = iphoneos;
				SWIFT_ACTIVE_COMPILATION_CONDITIONS = DEBUG;
				SWIFT_OPTIMIZATION_LEVEL = "-Onone";
			};
			name = Debug;
		};
		024DDD7725A09778003FFF46 /* Release */ = {
			isa = XCBuildConfiguration;
			buildSettings = {
				ALWAYS_SEARCH_USER_PATHS = NO;
				CLANG_ANALYZER_NONNULL = YES;
				CLANG_ANALYZER_NUMBER_OBJECT_CONVERSION = YES_AGGRESSIVE;
				CLANG_CXX_LANGUAGE_STANDARD = "gnu++14";
				CLANG_CXX_LIBRARY = "libc++";
				CLANG_ENABLE_MODULES = YES;
				CLANG_ENABLE_OBJC_ARC = YES;
				CLANG_ENABLE_OBJC_WEAK = YES;
				CLANG_WARN_BLOCK_CAPTURE_AUTORELEASING = YES;
				CLANG_WARN_BOOL_CONVERSION = YES;
				CLANG_WARN_COMMA = YES;
				CLANG_WARN_CONSTANT_CONVERSION = YES;
				CLANG_WARN_DEPRECATED_OBJC_IMPLEMENTATIONS = YES;
				CLANG_WARN_DIRECT_OBJC_ISA_USAGE = YES_ERROR;
				CLANG_WARN_DOCUMENTATION_COMMENTS = YES;
				CLANG_WARN_EMPTY_BODY = YES;
				CLANG_WARN_ENUM_CONVERSION = YES;
				CLANG_WARN_INFINITE_RECURSION = YES;
				CLANG_WARN_INT_CONVERSION = YES;
				CLANG_WARN_NON_LITERAL_NULL_CONVERSION = YES;
				CLANG_WARN_OBJC_IMPLICIT_RETAIN_SELF = YES;
				CLANG_WARN_OBJC_LITERAL_CONVERSION = YES;
				CLANG_WARN_OBJC_ROOT_CLASS = YES_ERROR;
				CLANG_WARN_QUOTED_INCLUDE_IN_FRAMEWORK_HEADER = YES;
				CLANG_WARN_RANGE_LOOP_ANALYSIS = YES;
				CLANG_WARN_STRICT_PROTOTYPES = YES;
				CLANG_WARN_SUSPICIOUS_MOVE = YES;
				CLANG_WARN_UNGUARDED_AVAILABILITY = YES_AGGRESSIVE;
				CLANG_WARN_UNREACHABLE_CODE = YES;
				CLANG_WARN__DUPLICATE_METHOD_MATCH = YES;
				COPY_PHASE_STRIP = NO;
				DEBUG_INFORMATION_FORMAT = "dwarf-with-dsym";
				ENABLE_NS_ASSERTIONS = NO;
				ENABLE_STRICT_OBJC_MSGSEND = YES;
				GCC_C_LANGUAGE_STANDARD = gnu11;
				GCC_NO_COMMON_BLOCKS = YES;
				GCC_WARN_64_TO_32_BIT_CONVERSION = YES;
				GCC_WARN_ABOUT_RETURN_TYPE = YES_ERROR;
				GCC_WARN_UNDECLARED_SELECTOR = YES;
				GCC_WARN_UNINITIALIZED_AUTOS = YES_AGGRESSIVE;
				GCC_WARN_UNUSED_FUNCTION = YES;
				GCC_WARN_UNUSED_VARIABLE = YES;
				IPHONEOS_DEPLOYMENT_TARGET = 14.3;
				MTL_ENABLE_DEBUG_INFO = NO;
				MTL_FAST_MATH = YES;
				SDKROOT = iphoneos;
				SWIFT_COMPILATION_MODE = wholemodule;
				SWIFT_OPTIMIZATION_LEVEL = "-O";
				VALIDATE_PRODUCT = YES;
			};
			name = Release;
		};
		024DDD7925A09778003FFF46 /* Debug */ = {
			isa = XCBuildConfiguration;
			buildSettings = {
				ASSETCATALOG_COMPILER_APPICON_NAME = AppIcon;
				ASSETCATALOG_COMPILER_GLOBAL_ACCENT_COLOR_NAME = AccentColor;
				CODE_SIGN_STYLE = Automatic;
				DEVELOPMENT_ASSET_PATHS = "\"Memorize/Preview Content\"";
				DEVELOPMENT_TEAM = JUUZV79G5F;
				ENABLE_PREVIEWS = YES;
				INFOPLIST_FILE = Memorize/Info.plist;
				IPHONEOS_DEPLOYMENT_TARGET = 14.0;
				LD_RUNPATH_SEARCH_PATHS = (
					"$(inherited)",
					"@executable_path/Frameworks",
				);
				PRODUCT_BUNDLE_IDENTIFIER = com.iti.Memorize;
				PRODUCT_NAME = "$(TARGET_NAME)";
				SWIFT_VERSION = 5.0;
				TARGETED_DEVICE_FAMILY = "1,2";
			};
			name = Debug;
		};
		024DDD7A25A09778003FFF46 /* Release */ = {
			isa = XCBuildConfiguration;
			buildSettings = {
				ASSETCATALOG_COMPILER_APPICON_NAME = AppIcon;
				ASSETCATALOG_COMPILER_GLOBAL_ACCENT_COLOR_NAME = AccentColor;
				CODE_SIGN_STYLE = Automatic;
				DEVELOPMENT_ASSET_PATHS = "\"Memorize/Preview Content\"";
				DEVELOPMENT_TEAM = JUUZV79G5F;
				ENABLE_PREVIEWS = YES;
				INFOPLIST_FILE = Memorize/Info.plist;
				IPHONEOS_DEPLOYMENT_TARGET = 14.0;
				LD_RUNPATH_SEARCH_PATHS = (
					"$(inherited)",
					"@executable_path/Frameworks",
				);
				PRODUCT_BUNDLE_IDENTIFIER = com.iti.Memorize;
				PRODUCT_NAME = "$(TARGET_NAME)";
				SWIFT_VERSION = 5.0;
				TARGETED_DEVICE_FAMILY = "1,2";
			};
			name = Release;
		};
		024DDD7C25A09778003FFF46 /* Debug */ = {
			isa = XCBuildConfiguration;
			buildSettings = {
				ALWAYS_EMBED_SWIFT_STANDARD_LIBRARIES = YES;
				BUNDLE_LOADER = "$(TEST_HOST)";
				CODE_SIGN_STYLE = Automatic;
				DEVELOPMENT_TEAM = JUUZV79G5F;
				INFOPLIST_FILE = MemorizeTests/Info.plist;
				IPHONEOS_DEPLOYMENT_TARGET = 14.0;
				LD_RUNPATH_SEARCH_PATHS = (
					"$(inherited)",
					"@executable_path/Frameworks",
					"@loader_path/Frameworks",
				);
				PRODUCT_BUNDLE_IDENTIFIER = com.iti.MemorizeTests;
				PRODUCT_NAME = "$(TARGET_NAME)";
				SWIFT_VERSION = 5.0;
				TARGETED_DEVICE_FAMILY = "1,2";
				TEST_HOST = "$(BUILT_PRODUCTS_DIR)/Memorize.app/Memorize";
			};
			name = Debug;
		};
		024DDD7D25A09778003FFF46 /* Release */ = {
			isa = XCBuildConfiguration;
			buildSettings = {
				ALWAYS_EMBED_SWIFT_STANDARD_LIBRARIES = YES;
				BUNDLE_LOADER = "$(TEST_HOST)";
				CODE_SIGN_STYLE = Automatic;
				DEVELOPMENT_TEAM = JUUZV79G5F;
				INFOPLIST_FILE = MemorizeTests/Info.plist;
				IPHONEOS_DEPLOYMENT_TARGET = 14.0;
				LD_RUNPATH_SEARCH_PATHS = (
					"$(inherited)",
					"@executable_path/Frameworks",
					"@loader_path/Frameworks",
				);
				PRODUCT_BUNDLE_IDENTIFIER = com.iti.MemorizeTests;
				PRODUCT_NAME = "$(TARGET_NAME)";
				SWIFT_VERSION = 5.0;
				TARGETED_DEVICE_FAMILY = "1,2";
				TEST_HOST = "$(BUILT_PRODUCTS_DIR)/Memorize.app/Memorize";
			};
			name = Release;
		};
		024DDD7F25A09778003FFF46 /* Debug */ = {
			isa = XCBuildConfiguration;
			buildSettings = {
				ALWAYS_EMBED_SWIFT_STANDARD_LIBRARIES = YES;
				CODE_SIGN_STYLE = Automatic;
				DEVELOPMENT_TEAM = JUUZV79G5F;
				INFOPLIST_FILE = MemorizeUITests/Info.plist;
				LD_RUNPATH_SEARCH_PATHS = (
					"$(inherited)",
					"@executable_path/Frameworks",
					"@loader_path/Frameworks",
				);
				PRODUCT_BUNDLE_IDENTIFIER = com.iti.MemorizeUITests;
				PRODUCT_NAME = "$(TARGET_NAME)";
				SWIFT_VERSION = 5.0;
				TARGETED_DEVICE_FAMILY = "1,2";
				TEST_TARGET_NAME = Memorize;
			};
			name = Debug;
		};
		024DDD8025A09778003FFF46 /* Release */ = {
			isa = XCBuildConfiguration;
			buildSettings = {
				ALWAYS_EMBED_SWIFT_STANDARD_LIBRARIES = YES;
				CODE_SIGN_STYLE = Automatic;
				DEVELOPMENT_TEAM = JUUZV79G5F;
				INFOPLIST_FILE = MemorizeUITests/Info.plist;
				LD_RUNPATH_SEARCH_PATHS = (
					"$(inherited)",
					"@executable_path/Frameworks",
					"@loader_path/Frameworks",
				);
				PRODUCT_BUNDLE_IDENTIFIER = com.iti.MemorizeUITests;
				PRODUCT_NAME = "$(TARGET_NAME)";
				SWIFT_VERSION = 5.0;
				TARGETED_DEVICE_FAMILY = "1,2";
				TEST_TARGET_NAME = Memorize;
			};
			name = Release;
		};
/* End XCBuildConfiguration section */

/* Begin XCConfigurationList section */
		024DDD4E25A09776003FFF46 /* Build configuration list for PBXProject "Memorize" */ = {
			isa = XCConfigurationList;
			buildConfigurations = (
				024DDD7625A09778003FFF46 /* Debug */,
				024DDD7725A09778003FFF46 /* Release */,
			);
			defaultConfigurationIsVisible = 0;
			defaultConfigurationName = Release;
		};
		024DDD7825A09778003FFF46 /* Build configuration list for PBXNativeTarget "Memorize" */ = {
			isa = XCConfigurationList;
			buildConfigurations = (
				024DDD7925A09778003FFF46 /* Debug */,
				024DDD7A25A09778003FFF46 /* Release */,
			);
			defaultConfigurationIsVisible = 0;
			defaultConfigurationName = Release;
		};
		024DDD7B25A09778003FFF46 /* Build configuration list for PBXNativeTarget "MemorizeTests" */ = {
			isa = XCConfigurationList;
			buildConfigurations = (
				024DDD7C25A09778003FFF46 /* Debug */,
				024DDD7D25A09778003FFF46 /* Release */,
			);
			defaultConfigurationIsVisible = 0;
			defaultConfigurationName = Release;
		};
		024DDD7E25A09778003FFF46 /* Build configuration list for PBXNativeTarget "MemorizeUITests" */ = {
			isa = XCConfigurationList;
			buildConfigurations = (
				024DDD7F25A09778003FFF46 /* Debug */,
				024DDD8025A09778003FFF46 /* Release */,
			);
			defaultConfigurationIsVisible = 0;
			defaultConfigurationName = Release;
		};
/* End XCConfigurationList section */
	};
	rootObject = 024DDD4B25A09776003FFF46 /* Project object */;
}
